
Microsoft Visual Studio Solution File, Format Version 12.00
# Visual Studio 14
VisualStudioVersion = 14.0.24720.0
MinimumVisualStudioVersion = 10.0.40219.1
Project("{FAE04EC0-301F-11D3-BF4B-00C04F79EFBC}") = "SOLEMPMobile", "SOLEMPMobile\SOLEMPMobile.csproj", "{EB28E7DF-ABD1-4CB4-93F4-0CCA063D68D9}"
EndProject
Project("{FAE04EC0-301F-11D3-BF4B-00C04F79EFBC}") = "Libreria", "..\Libreria\Libreria\Libreria.csproj", "{8AED3E46-C78C-4947-83F1-70DE2A1B9656}"
EndProject
Global
	GlobalSection(SolutionConfigurationPlatforms) = preSolution
		Debug|Any CPU = Debug|Any CPU
		Release|Any CPU = Release|Any CPU
	EndGlobalSection
	GlobalSection(ProjectConfigurationPlatforms) = postSolution
		{EB28E7DF-ABD1-4CB4-93F4-0CCA063D68D9}.Debug|Any CPU.ActiveCfg = Debug|Any CPU
		{EB28E7DF-ABD1-4CB4-93F4-0CCA063D68D9}.Debug|Any CPU.Build.0 = Debug|Any CPU
		{EB28E7DF-ABD1-4CB4-93F4-0CCA063D68D9}.Release|Any CPU.ActiveCfg = Release|Any CPU
		{EB28E7DF-ABD1-4CB4-93F4-0CCA063D68D9}.Release|Any CPU.Build.0 = Release|Any CPU
		{8AED3E46-C78C-4947-83F1-70DE2A1B9656}.Debug|Any CPU.ActiveCfg = Debug|Any CPU
		{8AED3E46-C78C-4947-83F1-70DE2A1B9656}.Debug|Any CPU.Build.0 = Debug|Any CPU
		{8AED3E46-C78C-4947-83F1-70DE2A1B9656}.Release|Any CPU.ActiveCfg = Release|Any CPU
		{8AED3E46-C78C-4947-83F1-70DE2A1B9656}.Release|Any CPU.Build.0 = Release|Any CPU
	EndGlobalSection
	GlobalSection(SolutionProperties) = preSolution
		HideSolutionNode = FALSE
	EndGlobalSection
EndGlobal
